{
    "nesbot/carbon": {
        "version": "2.33.0"
    },
    "opis/closure": {
        "version": "3.5.1"
    },
    "php": {
        "version": "7.4"
    },
    "psr/container": {
        "version": "1.0.0"
    },
    "spatie/async": {
        "version": "1.4.0"
    },
    "symfony/console": {
        "version": "4.4",
        "recipe": {
            "repo": "github.com/symfony/recipes",
            "branch": "master",
            "version": "4.4",
            "ref": "ea8c0eda34fda57e7d5cd8cbd889e2a387e3472c"
        },
        "files": [
            "bin/console",
            "config/bootstrap.php"
        ]
    },
    "symfony/dotenv": {
        "version": "v5.0.8"
    },
    "symfony/flex": {
        "version": "1.0",
        "recipe": {
            "repo": "github.com/symfony/recipes",
            "branch": "master",
            "version": "1.0",
            "ref": "c0eeb50665f0f77226616b6038a9b06c03752d8e"
        },
        "files": [
            ".env"
        ]
    },
    "symfony/polyfill-mbstring": {
        "version": "v1.15.0"
    },
    "symfony/process": {
        "version": "v5.0.8"
    },
    "symfony/service-contracts": {
        "version": "v2.0.1"
    },
    "symfony/translation": {
        "version": "3.3",
        "recipe": {
            "repo": "github.com/symfony/recipes",
            "branch": "master",
            "version": "3.3",
            "ref": "2ad9d2545bce8ca1a863e50e92141f0b9d87ffcd"
        },
        "files": [
            "config/packages/translation.yaml",
            "translations/.gitignore"
        ]
    },
    "symfony/translation-contracts": {
        "version": "v2.0.1"
    },
    "symfony/var-dumper": {
        "version": "v5.0.8"
    },
    "symfony/yaml": {
        "version": "v5.0.8"
    },
    "tightenco/collect": {
        "version": "v7.9.2"
    }
}
